
Microsoft Visual Studio Solution File, Format Version 12.00
# Visual Studio Version 17
VisualStudioVersion = 17.4.33122.133
MinimumVisualStudioVersion = 10.0.40219.1
Project("{FAE04EC0-301F-11D3-BF4B-00C04F79EFBC}") = "Kursovaya", "Kursovaya.csproj", "{EAA8A19D-2AF2-4B70-BA70-E0E0B23DB425}"
EndProject
Global
	GlobalSection(SolutionConfigurationPlatforms) = preSolution
		Debug|Any CPU = Debug|Any CPU
		Release|Any CPU = Release|Any CPU
	EndGlobalSection
	GlobalSection(ProjectConfigurationPlatforms) = postSolution
		{EAA8A19D-2AF2-4B70-BA70-E0E0B23DB425}.Debug|Any CPU.ActiveCfg = Debug|Any CPU
		{EAA8A19D-2AF2-4B70-BA70-E0E0B23DB425}.Debug|Any CPU.Build.0 = Debug|Any CPU
		{EAA8A19D-2AF2-4B70-BA70-E0E0B23DB425}.Release|Any CPU.ActiveCfg = Release|Any CPU
		{EAA8A19D-2AF2-4B70-BA70-E0E0B23DB425}.Release|Any CPU.Build.0 = Release|Any CPU
	EndGlobalSection
	GlobalSection(SolutionProperties) = preSolution
		HideSolutionNode = FALSE
	EndGlobalSection
	GlobalSection(ExtensibilityGlobals) = postSolution
		SolutionGuid = {1320BF9D-1517-4674-82D2-2DFD82CBA1B2}
	EndGlobalSection
EndGlobal
